
Microsoft Visual Studio Solution File, Format Version 12.00
# Visual Studio Version 16
VisualStudioVersion = 16.0.31019.35
MinimumVisualStudioVersion = 15.0.26124.0
Project("{9A19103F-16F7-4668-BE54-9A1E7A4F7556}") = "Build", "build\Build.csproj", "{E98FED2D-556C-476A-AD30-5724D3C6BD19}"
EndProject
Project("{2150E333-8FDC-42A3-9474-1A3956D46DE8}") = "hosting", "hosting", "{A969E446-D0DF-4193-B2F5-C2909B7C2BD1}"
	ProjectSection(SolutionItems) = preProject
		libs\hosting\console.png = libs\hosting\console.png
		libs\hosting\README.md = libs\hosting\README.md
	EndProjectSection
EndProject
Project("{2150E333-8FDC-42A3-9474-1A3956D46DE8}") = "configuration", "configuration", "{8EB53DAA-6A0E-4D15-9DB8-410461DDB880}"
	ProjectSection(SolutionItems) = preProject
		libs\configuration\README.md = libs\configuration\README.md
	EndProjectSection
EndProject
Project("{2150E333-8FDC-42A3-9474-1A3956D46DE8}") = "src", "src", "{9377BD46-AA58-421E-BD31-B4C0282AF831}"
	ProjectSection(SolutionItems) = preProject
		libs\hosting\src\Directory.Build.props = libs\hosting\src\Directory.Build.props
	EndProjectSection
EndProject
Project("{2150E333-8FDC-42A3-9474-1A3956D46DE8}") = "test", "test", "{DCF79F1D-03A2-40C8-9AFA-07674D094E09}"
	ProjectSection(SolutionItems) = preProject
		libs\hosting\test\Directory.Build.props = libs\hosting\test\Directory.Build.props
	EndProjectSection
EndProject
Project("{2150E333-8FDC-42A3-9474-1A3956D46DE8}") = "src", "src", "{C768A766-9F4B-4F0E-A220-13DA01AEA719}"
	ProjectSection(SolutionItems) = preProject
		libs\configuration\src\Directory.Build.props = libs\configuration\src\Directory.Build.props
	EndProjectSection
EndProject
Project("{2150E333-8FDC-42A3-9474-1A3956D46DE8}") = "test", "test", "{FB2237C3-A8BD-49A0-810E-4BA789577C55}"
	ProjectSection(SolutionItems) = preProject
		libs\configuration\test\Directory.Build.props = libs\configuration\test\Directory.Build.props
	EndProjectSection
EndProject
Project("{9A19103F-16F7-4668-BE54-9A1E7A4F7556}") = "Extensions.Configuration", "libs\configuration\src\Configuration\Extensions.Configuration.csproj", "{32904A03-9806-47F3-8572-F1B5B918571C}"
EndProject
Project("{9A19103F-16F7-4668-BE54-9A1E7A4F7556}") = "Extensions.Configuration.Tests", "libs\configuration\test\Configuration.Tests\Extensions.Configuration.Tests.csproj", "{5FF9AF0A-054F-49FF-9D51-04517EFAF44E}"
EndProject
Project("{9A19103F-16F7-4668-BE54-9A1E7A4F7556}") = "Extensions.Hosting", "libs\hosting\src\Hosting\Extensions.Hosting.csproj", "{6FB29768-49FA-4581-A2A2-B0787C48C7F1}"
EndProject
Project("{9A19103F-16F7-4668-BE54-9A1E7A4F7556}") = "Extensions.Hosting.Docker", "libs\hosting\src\Hosting.Docker\Extensions.Hosting.Docker.csproj", "{172DC549-0047-43BA-B904-DDE21F19E315}"
EndProject
Project("{9A19103F-16F7-4668-BE54-9A1E7A4F7556}") = "Extensions.Hosting.Example", "libs\hosting\src\Hosting.Example\Extensions.Hosting.Example.csproj", "{8AB0B71F-2410-411A-ABC4-C937B493109B}"
EndProject
Project("{9A19103F-16F7-4668-BE54-9A1E7A4F7556}") = "Extensions.Hosting.SerilogConsoleLogging", "libs\hosting\src\Hosting.SerilogConsoleLogging\Extensions.Hosting.SerilogConsoleLogging.csproj", "{AF24F291-5D7E-4266-B378-3D8C61A133F6}"
EndProject
Project("{9A19103F-16F7-4668-BE54-9A1E7A4F7556}") = "Extensions.Hosting.Tests", "libs\hosting\test\Hosting.Tests\Extensions.Hosting.Tests.csproj", "{FA64DAF0-66F7-4F6B-BB1B-3B53F4FBC088}"
EndProject
Project("{2150E333-8FDC-42A3-9474-1A3956D46DE8}") = ".Solution Items", ".Solution Items", "{6560E27F-806F-4500-9C50-AA2755458AA1}"
	ProjectSection(SolutionItems) = preProject
		.dockerignore = .dockerignore
		.editorconfig = .editorconfig
		.gitattributes = .gitattributes
		.gitignore = .gitignore
		build-local.cmd = build-local.cmd
		build-local.sh = build-local.sh
		build.cmd = build.cmd
		build.dockerfile = build.dockerfile
		build.sh = build.sh
		LICENSE = LICENSE
		libs\src.props = libs\src.props
	EndProjectSection
EndProject
Project("{2150E333-8FDC-42A3-9474-1A3956D46DE8}") = ".github", ".github", "{110FA643-6DE5-48FB-9368-FDE268A192C1}"
EndProject
Project("{2150E333-8FDC-42A3-9474-1A3956D46DE8}") = "worflows", "worflows", "{C49FC4EA-9AA4-4D53-9751-DD3EDF85788F}"
	ProjectSection(SolutionItems) = preProject
		.github\workflows\ci.yml = .github\workflows\ci.yml
		.github\workflows\pr.yml = .github\workflows\pr.yml
	EndProjectSection
EndProject
Project("{9A19103F-16F7-4668-BE54-9A1E7A4F7556}") = "Bullseye", "libs\bullseye\src\Bullseye\Bullseye.csproj", "{558069C6-0126-45A2-89E0-A2739E5C1FBC}"
EndProject
Project("{2150E333-8FDC-42A3-9474-1A3956D46DE8}") = "bullseye", "bullseye", "{EF3DD315-B854-4C2B-9EF2-45596D5CD0F5}"
EndProject
Project("{2150E333-8FDC-42A3-9474-1A3956D46DE8}") = "src", "src", "{C8BF43DE-DC35-402A-B0FF-EBE1CF8410A9}"
	ProjectSection(SolutionItems) = preProject
		libs\bullseye\src\Directory.Build.props = libs\bullseye\src\Directory.Build.props
	EndProjectSection
EndProject
Project("{2150E333-8FDC-42A3-9474-1A3956D46DE8}") = "system-extensions", "system-extensions", "{107B8800-A040-4255-940F-D6F5514C0728}"
EndProject
Project("{2150E333-8FDC-42A3-9474-1A3956D46DE8}") = "src", "src", "{784169CC-99B9-4FF6-8F2D-45CC232CEDFB}"
	ProjectSection(SolutionItems) = preProject
		libs\system-extensions\src\Directory.Build.props = libs\system-extensions\src\Directory.Build.props
	EndProjectSection
EndProject
Project("{2150E333-8FDC-42A3-9474-1A3956D46DE8}") = "test", "test", "{BAF61FF9-F641-4929-AC36-3314F03930DC}"
	ProjectSection(SolutionItems) = preProject
		libs\system-extensions\test\Directory.Build.props = libs\system-extensions\test\Directory.Build.props
	EndProjectSection
EndProject
Project("{2150E333-8FDC-42A3-9474-1A3956D46DE8}") = "aspnet-core", "aspnet-core", "{4A8FDF56-F8A0-453C-A484-E314525C7912}"
EndProject
Project("{2150E333-8FDC-42A3-9474-1A3956D46DE8}") = "src", "src", "{CC2471BF-FC2B-4BC5-8E76-76996A938B52}"
EndProject
Project("{2150E333-8FDC-42A3-9474-1A3956D46DE8}") = "test", "test", "{F01A2FEE-A5E4-4649-AE63-C150E1345340}"
EndProject
Project("{9A19103F-16F7-4668-BE54-9A1E7A4F7556}") = "AspNetCore", "libs\aspnet-core\src\AspNetCore\AspNetCore.csproj", "{CC8BF0A6-DDC5-4CB6-8994-103BB513FF91}"
EndProject
Project("{9A19103F-16F7-4668-BE54-9A1E7A4F7556}") = "AspNetCore.Tests", "libs\aspnet-core\test\AspNetCore.Tests\AspNetCore.Tests.csproj", "{F70F25F9-FBBF-46B2-8BD4-C84FB24D998E}"
EndProject
Project("{9A19103F-16F7-4668-BE54-9A1E7A4F7556}") = "SystemExtensions", "libs\system-extensions\src\SystemExtensions\SystemExtensions.csproj", "{55E08F6C-7F5D-4D15-BAF0-B0CB10170C1B}"
EndProject
Project("{9A19103F-16F7-4668-BE54-9A1E7A4F7556}") = "SystemExtensions.Tests", "libs\system-extensions\test\SystemExtensions.Tests\SystemExtensions.Tests.csproj", "{723D27AE-E5E7-4ABC-802C-F67299C63257}"
EndProject
Project("{2150E333-8FDC-42A3-9474-1A3956D46DE8}") = "testing", "testing", "{E49DE013-4C18-4A9B-A541-842FC38E5E93}"
EndProject
Project("{2150E333-8FDC-42A3-9474-1A3956D46DE8}") = "src", "src", "{0CB2B190-89C7-49A1-A380-53F862237F24}"
	ProjectSection(SolutionItems) = preProject
		libs\testing\src\Directory.Build.props = libs\testing\src\Directory.Build.props
	EndProjectSection
EndProject
Project("{2150E333-8FDC-42A3-9474-1A3956D46DE8}") = "test", "test", "{6ED4DFF8-FAC8-402A-92EA-72DE7F5BFF93}"
	ProjectSection(SolutionItems) = preProject
		libs\testing\test\Directory.Build.props = libs\testing\test\Directory.Build.props
	EndProjectSection
EndProject
Project("{9A19103F-16F7-4668-BE54-9A1E7A4F7556}") = "Testing.Fixtures", "libs\testing\src\Testing.Fixtures\Testing.Fixtures.csproj", "{7943D27C-1268-43F0-85D0-5879F1E734F0}"
EndProject
Project("{9A19103F-16F7-4668-BE54-9A1E7A4F7556}") = "Testing.Fixtures.Tests", "libs\testing\test\Testing.Fixtures.Tests\Testing.Fixtures.Tests.csproj", "{FC5B745A-6E38-4B1B-ACDF-F6293BA30244}"
EndProject
Project("{2150E333-8FDC-42A3-9474-1A3956D46DE8}") = "pulumi", "pulumi", "{CA1CB8E3-8811-4407-BA8E-952C2206D716}"
EndProject
Project("{2150E333-8FDC-42A3-9474-1A3956D46DE8}") = "src", "src", "{2209C4A6-1E2A-4F12-A707-22DEBBFEC78A}"
	ProjectSection(SolutionItems) = preProject
		libs\pulumi\src\Directory.Build.props = libs\pulumi\src\Directory.Build.props
	EndProjectSection
EndProject
Project("{9A19103F-16F7-4668-BE54-9A1E7A4F7556}") = "Pulumi", "libs\pulumi\src\Pulumi\Pulumi.csproj", "{2F3CB9B8-8A2A-4709-B73B-6A1B043D52A2}"
EndProject
Project("{9A19103F-16F7-4668-BE54-9A1E7A4F7556}") = "Pulumi.Aws", "libs\pulumi\src\Pulumi.Aws\Pulumi.Aws.csproj", "{9E3E88FD-FEAF-45C7-AF15-250B9B204ADD}"
EndProject
Project("{2150E333-8FDC-42A3-9474-1A3956D46DE8}") = "test", "test", "{DBEFE7B2-E4FD-42EF-9D3C-956661DF9E8F}"
	ProjectSection(SolutionItems) = preProject
		libs\pulumi\test\Directory.Build.props = libs\pulumi\test\Directory.Build.props
	EndProjectSection
EndProject
Project("{9A19103F-16F7-4668-BE54-9A1E7A4F7556}") = "Pulumi.Aws.Tests", "libs\pulumi\test\Pulumi.Aws.Tests\Pulumi.Aws.Tests.csproj", "{7E9A4B1F-7ACF-433A-959D-3211FA96EADF}"
EndProject
Project("{9A19103F-16F7-4668-BE54-9A1E7A4F7556}") = "Pulumi.Aws.Tests.Stacks", "libs\pulumi\test\Pulumi.Aws.Tests.Stacks\Pulumi.Aws.Tests.Stacks.csproj", "{6CD6B439-75E3-4C8A-87C9-DA384B81C9EE}"
EndProject
Global
	GlobalSection(SolutionConfigurationPlatforms) = preSolution
		Debug|Any CPU = Debug|Any CPU
		Release|Any CPU = Release|Any CPU
	EndGlobalSection
	GlobalSection(ProjectConfigurationPlatforms) = postSolution
		{E98FED2D-556C-476A-AD30-5724D3C6BD19}.Debug|Any CPU.ActiveCfg = Debug|Any CPU
		{E98FED2D-556C-476A-AD30-5724D3C6BD19}.Debug|Any CPU.Build.0 = Debug|Any CPU
		{E98FED2D-556C-476A-AD30-5724D3C6BD19}.Release|Any CPU.ActiveCfg = Release|Any CPU
		{E98FED2D-556C-476A-AD30-5724D3C6BD19}.Release|Any CPU.Build.0 = Release|Any CPU
		{32904A03-9806-47F3-8572-F1B5B918571C}.Debug|Any CPU.ActiveCfg = Debug|Any CPU
		{32904A03-9806-47F3-8572-F1B5B918571C}.Debug|Any CPU.Build.0 = Debug|Any CPU
		{32904A03-9806-47F3-8572-F1B5B918571C}.Release|Any CPU.ActiveCfg = Release|Any CPU
		{32904A03-9806-47F3-8572-F1B5B918571C}.Release|Any CPU.Build.0 = Release|Any CPU
		{5FF9AF0A-054F-49FF-9D51-04517EFAF44E}.Debug|Any CPU.ActiveCfg = Debug|Any CPU
		{5FF9AF0A-054F-49FF-9D51-04517EFAF44E}.Debug|Any CPU.Build.0 = Debug|Any CPU
		{5FF9AF0A-054F-49FF-9D51-04517EFAF44E}.Release|Any CPU.ActiveCfg = Release|Any CPU
		{5FF9AF0A-054F-49FF-9D51-04517EFAF44E}.Release|Any CPU.Build.0 = Release|Any CPU
		{6FB29768-49FA-4581-A2A2-B0787C48C7F1}.Debug|Any CPU.ActiveCfg = Debug|Any CPU
		{6FB29768-49FA-4581-A2A2-B0787C48C7F1}.Debug|Any CPU.Build.0 = Debug|Any CPU
		{6FB29768-49FA-4581-A2A2-B0787C48C7F1}.Release|Any CPU.ActiveCfg = Release|Any CPU
		{6FB29768-49FA-4581-A2A2-B0787C48C7F1}.Release|Any CPU.Build.0 = Release|Any CPU
		{172DC549-0047-43BA-B904-DDE21F19E315}.Debug|Any CPU.ActiveCfg = Debug|Any CPU
		{172DC549-0047-43BA-B904-DDE21F19E315}.Debug|Any CPU.Build.0 = Debug|Any CPU
		{172DC549-0047-43BA-B904-DDE21F19E315}.Release|Any CPU.ActiveCfg = Release|Any CPU
		{172DC549-0047-43BA-B904-DDE21F19E315}.Release|Any CPU.Build.0 = Release|Any CPU
		{8AB0B71F-2410-411A-ABC4-C937B493109B}.Debug|Any CPU.ActiveCfg = Debug|Any CPU
		{8AB0B71F-2410-411A-ABC4-C937B493109B}.Debug|Any CPU.Build.0 = Debug|Any CPU
		{8AB0B71F-2410-411A-ABC4-C937B493109B}.Release|Any CPU.ActiveCfg = Release|Any CPU
		{8AB0B71F-2410-411A-ABC4-C937B493109B}.Release|Any CPU.Build.0 = Release|Any CPU
		{AF24F291-5D7E-4266-B378-3D8C61A133F6}.Debug|Any CPU.ActiveCfg = Debug|Any CPU
		{AF24F291-5D7E-4266-B378-3D8C61A133F6}.Debug|Any CPU.Build.0 = Debug|Any CPU
		{AF24F291-5D7E-4266-B378-3D8C61A133F6}.Release|Any CPU.ActiveCfg = Release|Any CPU
		{AF24F291-5D7E-4266-B378-3D8C61A133F6}.Release|Any CPU.Build.0 = Release|Any CPU
		{FA64DAF0-66F7-4F6B-BB1B-3B53F4FBC088}.Debug|Any CPU.ActiveCfg = Debug|Any CPU
		{FA64DAF0-66F7-4F6B-BB1B-3B53F4FBC088}.Debug|Any CPU.Build.0 = Debug|Any CPU
		{FA64DAF0-66F7-4F6B-BB1B-3B53F4FBC088}.Release|Any CPU.ActiveCfg = Release|Any CPU
		{FA64DAF0-66F7-4F6B-BB1B-3B53F4FBC088}.Release|Any CPU.Build.0 = Release|Any CPU
		{558069C6-0126-45A2-89E0-A2739E5C1FBC}.Debug|Any CPU.ActiveCfg = Debug|Any CPU
		{558069C6-0126-45A2-89E0-A2739E5C1FBC}.Debug|Any CPU.Build.0 = Debug|Any CPU
		{558069C6-0126-45A2-89E0-A2739E5C1FBC}.Release|Any CPU.ActiveCfg = Release|Any CPU
		{558069C6-0126-45A2-89E0-A2739E5C1FBC}.Release|Any CPU.Build.0 = Release|Any CPU
		{CC8BF0A6-DDC5-4CB6-8994-103BB513FF91}.Debug|Any CPU.ActiveCfg = Debug|Any CPU
		{CC8BF0A6-DDC5-4CB6-8994-103BB513FF91}.Debug|Any CPU.Build.0 = Debug|Any CPU
		{CC8BF0A6-DDC5-4CB6-8994-103BB513FF91}.Release|Any CPU.ActiveCfg = Release|Any CPU
		{CC8BF0A6-DDC5-4CB6-8994-103BB513FF91}.Release|Any CPU.Build.0 = Release|Any CPU
		{F70F25F9-FBBF-46B2-8BD4-C84FB24D998E}.Debug|Any CPU.ActiveCfg = Debug|Any CPU
		{F70F25F9-FBBF-46B2-8BD4-C84FB24D998E}.Debug|Any CPU.Build.0 = Debug|Any CPU
		{F70F25F9-FBBF-46B2-8BD4-C84FB24D998E}.Release|Any CPU.ActiveCfg = Release|Any CPU
		{F70F25F9-FBBF-46B2-8BD4-C84FB24D998E}.Release|Any CPU.Build.0 = Release|Any CPU
		{55E08F6C-7F5D-4D15-BAF0-B0CB10170C1B}.Debug|Any CPU.ActiveCfg = Debug|Any CPU
		{55E08F6C-7F5D-4D15-BAF0-B0CB10170C1B}.Debug|Any CPU.Build.0 = Debug|Any CPU
		{55E08F6C-7F5D-4D15-BAF0-B0CB10170C1B}.Release|Any CPU.ActiveCfg = Release|Any CPU
		{55E08F6C-7F5D-4D15-BAF0-B0CB10170C1B}.Release|Any CPU.Build.0 = Release|Any CPU
		{723D27AE-E5E7-4ABC-802C-F67299C63257}.Debug|Any CPU.ActiveCfg = Debug|Any CPU
		{723D27AE-E5E7-4ABC-802C-F67299C63257}.Debug|Any CPU.Build.0 = Debug|Any CPU
		{723D27AE-E5E7-4ABC-802C-F67299C63257}.Release|Any CPU.ActiveCfg = Release|Any CPU
		{723D27AE-E5E7-4ABC-802C-F67299C63257}.Release|Any CPU.Build.0 = Release|Any CPU
		{7943D27C-1268-43F0-85D0-5879F1E734F0}.Debug|Any CPU.ActiveCfg = Debug|Any CPU
		{7943D27C-1268-43F0-85D0-5879F1E734F0}.Debug|Any CPU.Build.0 = Debug|Any CPU
		{7943D27C-1268-43F0-85D0-5879F1E734F0}.Release|Any CPU.ActiveCfg = Release|Any CPU
		{7943D27C-1268-43F0-85D0-5879F1E734F0}.Release|Any CPU.Build.0 = Release|Any CPU
		{FC5B745A-6E38-4B1B-ACDF-F6293BA30244}.Debug|Any CPU.ActiveCfg = Debug|Any CPU
		{FC5B745A-6E38-4B1B-ACDF-F6293BA30244}.Debug|Any CPU.Build.0 = Debug|Any CPU
		{FC5B745A-6E38-4B1B-ACDF-F6293BA30244}.Release|Any CPU.ActiveCfg = Release|Any CPU
		{FC5B745A-6E38-4B1B-ACDF-F6293BA30244}.Release|Any CPU.Build.0 = Release|Any CPU
		{2F3CB9B8-8A2A-4709-B73B-6A1B043D52A2}.Debug|Any CPU.ActiveCfg = Debug|Any CPU
		{2F3CB9B8-8A2A-4709-B73B-6A1B043D52A2}.Debug|Any CPU.Build.0 = Debug|Any CPU
		{2F3CB9B8-8A2A-4709-B73B-6A1B043D52A2}.Release|Any CPU.ActiveCfg = Release|Any CPU
		{2F3CB9B8-8A2A-4709-B73B-6A1B043D52A2}.Release|Any CPU.Build.0 = Release|Any CPU
		{9E3E88FD-FEAF-45C7-AF15-250B9B204ADD}.Debug|Any CPU.ActiveCfg = Debug|Any CPU
		{9E3E88FD-FEAF-45C7-AF15-250B9B204ADD}.Debug|Any CPU.Build.0 = Debug|Any CPU
		{9E3E88FD-FEAF-45C7-AF15-250B9B204ADD}.Release|Any CPU.ActiveCfg = Release|Any CPU
		{9E3E88FD-FEAF-45C7-AF15-250B9B204ADD}.Release|Any CPU.Build.0 = Release|Any CPU
		{7E9A4B1F-7ACF-433A-959D-3211FA96EADF}.Debug|Any CPU.ActiveCfg = Debug|Any CPU
		{7E9A4B1F-7ACF-433A-959D-3211FA96EADF}.Debug|Any CPU.Build.0 = Debug|Any CPU
		{7E9A4B1F-7ACF-433A-959D-3211FA96EADF}.Release|Any CPU.ActiveCfg = Release|Any CPU
		{7E9A4B1F-7ACF-433A-959D-3211FA96EADF}.Release|Any CPU.Build.0 = Release|Any CPU
		{6CD6B439-75E3-4C8A-87C9-DA384B81C9EE}.Debug|Any CPU.ActiveCfg = Debug|Any CPU
		{6CD6B439-75E3-4C8A-87C9-DA384B81C9EE}.Debug|Any CPU.Build.0 = Debug|Any CPU
		{6CD6B439-75E3-4C8A-87C9-DA384B81C9EE}.Release|Any CPU.ActiveCfg = Release|Any CPU
		{6CD6B439-75E3-4C8A-87C9-DA384B81C9EE}.Release|Any CPU.Build.0 = Release|Any CPU
	EndGlobalSection
	GlobalSection(SolutionProperties) = preSolution
		HideSolutionNode = FALSE
	EndGlobalSection
	GlobalSection(NestedProjects) = preSolution
		{9377BD46-AA58-421E-BD31-B4C0282AF831} = {A969E446-D0DF-4193-B2F5-C2909B7C2BD1}
		{DCF79F1D-03A2-40C8-9AFA-07674D094E09} = {A969E446-D0DF-4193-B2F5-C2909B7C2BD1}
		{C768A766-9F4B-4F0E-A220-13DA01AEA719} = {8EB53DAA-6A0E-4D15-9DB8-410461DDB880}
		{FB2237C3-A8BD-49A0-810E-4BA789577C55} = {8EB53DAA-6A0E-4D15-9DB8-410461DDB880}
		{32904A03-9806-47F3-8572-F1B5B918571C} = {C768A766-9F4B-4F0E-A220-13DA01AEA719}
		{5FF9AF0A-054F-49FF-9D51-04517EFAF44E} = {FB2237C3-A8BD-49A0-810E-4BA789577C55}
		{6FB29768-49FA-4581-A2A2-B0787C48C7F1} = {9377BD46-AA58-421E-BD31-B4C0282AF831}
		{172DC549-0047-43BA-B904-DDE21F19E315} = {9377BD46-AA58-421E-BD31-B4C0282AF831}
		{8AB0B71F-2410-411A-ABC4-C937B493109B} = {9377BD46-AA58-421E-BD31-B4C0282AF831}
		{AF24F291-5D7E-4266-B378-3D8C61A133F6} = {9377BD46-AA58-421E-BD31-B4C0282AF831}
		{FA64DAF0-66F7-4F6B-BB1B-3B53F4FBC088} = {DCF79F1D-03A2-40C8-9AFA-07674D094E09}
		{C49FC4EA-9AA4-4D53-9751-DD3EDF85788F} = {110FA643-6DE5-48FB-9368-FDE268A192C1}
		{558069C6-0126-45A2-89E0-A2739E5C1FBC} = {C8BF43DE-DC35-402A-B0FF-EBE1CF8410A9}
		{C8BF43DE-DC35-402A-B0FF-EBE1CF8410A9} = {EF3DD315-B854-4C2B-9EF2-45596D5CD0F5}
		{784169CC-99B9-4FF6-8F2D-45CC232CEDFB} = {107B8800-A040-4255-940F-D6F5514C0728}
		{BAF61FF9-F641-4929-AC36-3314F03930DC} = {107B8800-A040-4255-940F-D6F5514C0728}
		{CC2471BF-FC2B-4BC5-8E76-76996A938B52} = {4A8FDF56-F8A0-453C-A484-E314525C7912}
		{F01A2FEE-A5E4-4649-AE63-C150E1345340} = {4A8FDF56-F8A0-453C-A484-E314525C7912}
		{CC8BF0A6-DDC5-4CB6-8994-103BB513FF91} = {CC2471BF-FC2B-4BC5-8E76-76996A938B52}
		{F70F25F9-FBBF-46B2-8BD4-C84FB24D998E} = {F01A2FEE-A5E4-4649-AE63-C150E1345340}
		{55E08F6C-7F5D-4D15-BAF0-B0CB10170C1B} = {784169CC-99B9-4FF6-8F2D-45CC232CEDFB}
		{723D27AE-E5E7-4ABC-802C-F67299C63257} = {BAF61FF9-F641-4929-AC36-3314F03930DC}
		{0CB2B190-89C7-49A1-A380-53F862237F24} = {E49DE013-4C18-4A9B-A541-842FC38E5E93}
		{6ED4DFF8-FAC8-402A-92EA-72DE7F5BFF93} = {E49DE013-4C18-4A9B-A541-842FC38E5E93}
		{7943D27C-1268-43F0-85D0-5879F1E734F0} = {0CB2B190-89C7-49A1-A380-53F862237F24}
		{FC5B745A-6E38-4B1B-ACDF-F6293BA30244} = {6ED4DFF8-FAC8-402A-92EA-72DE7F5BFF93}
		{2209C4A6-1E2A-4F12-A707-22DEBBFEC78A} = {CA1CB8E3-8811-4407-BA8E-952C2206D716}
		{2F3CB9B8-8A2A-4709-B73B-6A1B043D52A2} = {2209C4A6-1E2A-4F12-A707-22DEBBFEC78A}
		{9E3E88FD-FEAF-45C7-AF15-250B9B204ADD} = {2209C4A6-1E2A-4F12-A707-22DEBBFEC78A}
		{DBEFE7B2-E4FD-42EF-9D3C-956661DF9E8F} = {CA1CB8E3-8811-4407-BA8E-952C2206D716}
		{7E9A4B1F-7ACF-433A-959D-3211FA96EADF} = {DBEFE7B2-E4FD-42EF-9D3C-956661DF9E8F}
		{6CD6B439-75E3-4C8A-87C9-DA384B81C9EE} = {DBEFE7B2-E4FD-42EF-9D3C-956661DF9E8F}
	EndGlobalSection
	GlobalSection(ExtensibilityGlobals) = postSolution
		SolutionGuid = {4306F166-DCCF-4316-88FC-9E339F1ABEFE}
	EndGlobalSection
EndGlobal
