
Microsoft Visual Studio Solution File, Format Version 12.00
# Visual Studio Version 16
VisualStudioVersion = 16.0.30611.23
MinimumVisualStudioVersion = 15.0.26124.0
Project("{9A19103F-16F7-4668-BE54-9A1E7A4F7556}") = "Hosting", "src\Hosting\Hosting.csproj", "{C9A690F0-2FD9-4489-B1D2-B9B9CF3BB404}"
EndProject
Project("{9A19103F-16F7-4668-BE54-9A1E7A4F7556}") = "Hosting.Example", "src\Hosting.Example\Hosting.Example.csproj", "{7B1ABC38-8D18-4970-A5C8-473F78A84DD2}"
EndProject
Project("{9A19103F-16F7-4668-BE54-9A1E7A4F7556}") = "Hosting.Docker", "src\Hosting.Docker\Hosting.Docker.csproj", "{5D8E309F-33B2-47FA-899E-6484A94578EA}"
EndProject
Project("{9A19103F-16F7-4668-BE54-9A1E7A4F7556}") = "Hosting.SerilogConsoleLogging", "src\Hosting.SerilogConsoleLogging\Hosting.SerilogConsoleLogging.csproj", "{64D4E77E-2BDB-49A4-8F27-2AA35569D27B}"
EndProject
Project("{2150E333-8FDC-42A3-9474-1A3956D46DE8}") = "src", "src", "{5C8116D0-8102-41DF-BDC8-CBB0814FE181}"
	ProjectSection(SolutionItems) = preProject
		src\Directory.Build.props = src\Directory.Build.props
		icon.png = icon.png
	EndProjectSection
EndProject
Project("{2150E333-8FDC-42A3-9474-1A3956D46DE8}") = "test", "test", "{C927BFA6-D159-4BCB-BE7B-E586AE3D0618}"
	ProjectSection(SolutionItems) = preProject
		test\Directory.Build.props = test\Directory.Build.props
	EndProjectSection
EndProject
Project("{9A19103F-16F7-4668-BE54-9A1E7A4F7556}") = "Hosting.Tests", "test\Hosting.Tests\Hosting.Tests.csproj", "{3D8AC9FD-3BD7-4A1B-9788-E53B189CDF26}"
EndProject
Project("{2150E333-8FDC-42A3-9474-1A3956D46DE8}") = "Solution Items", "Solution Items", "{C77C6831-8CB9-4DE6-9EBA-A906C1426CEB}"
	ProjectSection(SolutionItems) = preProject
		LICENSE = LICENSE
		README.md = README.md
	EndProjectSection
EndProject
Global
	GlobalSection(SolutionConfigurationPlatforms) = preSolution
		Debug|Any CPU = Debug|Any CPU
		Debug|x64 = Debug|x64
		Debug|x86 = Debug|x86
		Release|Any CPU = Release|Any CPU
		Release|x64 = Release|x64
		Release|x86 = Release|x86
	EndGlobalSection
	GlobalSection(ProjectConfigurationPlatforms) = postSolution
		{C9A690F0-2FD9-4489-B1D2-B9B9CF3BB404}.Debug|Any CPU.ActiveCfg = Debug|Any CPU
		{C9A690F0-2FD9-4489-B1D2-B9B9CF3BB404}.Debug|Any CPU.Build.0 = Debug|Any CPU
		{C9A690F0-2FD9-4489-B1D2-B9B9CF3BB404}.Debug|x64.ActiveCfg = Debug|Any CPU
		{C9A690F0-2FD9-4489-B1D2-B9B9CF3BB404}.Debug|x64.Build.0 = Debug|Any CPU
		{C9A690F0-2FD9-4489-B1D2-B9B9CF3BB404}.Debug|x86.ActiveCfg = Debug|Any CPU
		{C9A690F0-2FD9-4489-B1D2-B9B9CF3BB404}.Debug|x86.Build.0 = Debug|Any CPU
		{C9A690F0-2FD9-4489-B1D2-B9B9CF3BB404}.Release|Any CPU.ActiveCfg = Release|Any CPU
		{C9A690F0-2FD9-4489-B1D2-B9B9CF3BB404}.Release|Any CPU.Build.0 = Release|Any CPU
		{C9A690F0-2FD9-4489-B1D2-B9B9CF3BB404}.Release|x64.ActiveCfg = Release|Any CPU
		{C9A690F0-2FD9-4489-B1D2-B9B9CF3BB404}.Release|x64.Build.0 = Release|Any CPU
		{C9A690F0-2FD9-4489-B1D2-B9B9CF3BB404}.Release|x86.ActiveCfg = Release|Any CPU
		{C9A690F0-2FD9-4489-B1D2-B9B9CF3BB404}.Release|x86.Build.0 = Release|Any CPU
		{7B1ABC38-8D18-4970-A5C8-473F78A84DD2}.Debug|Any CPU.ActiveCfg = Debug|Any CPU
		{7B1ABC38-8D18-4970-A5C8-473F78A84DD2}.Debug|Any CPU.Build.0 = Debug|Any CPU
		{7B1ABC38-8D18-4970-A5C8-473F78A84DD2}.Debug|x64.ActiveCfg = Debug|Any CPU
		{7B1ABC38-8D18-4970-A5C8-473F78A84DD2}.Debug|x64.Build.0 = Debug|Any CPU
		{7B1ABC38-8D18-4970-A5C8-473F78A84DD2}.Debug|x86.ActiveCfg = Debug|Any CPU
		{7B1ABC38-8D18-4970-A5C8-473F78A84DD2}.Debug|x86.Build.0 = Debug|Any CPU
		{7B1ABC38-8D18-4970-A5C8-473F78A84DD2}.Release|Any CPU.ActiveCfg = Release|Any CPU
		{7B1ABC38-8D18-4970-A5C8-473F78A84DD2}.Release|Any CPU.Build.0 = Release|Any CPU
		{7B1ABC38-8D18-4970-A5C8-473F78A84DD2}.Release|x64.ActiveCfg = Release|Any CPU
		{7B1ABC38-8D18-4970-A5C8-473F78A84DD2}.Release|x64.Build.0 = Release|Any CPU
		{7B1ABC38-8D18-4970-A5C8-473F78A84DD2}.Release|x86.ActiveCfg = Release|Any CPU
		{7B1ABC38-8D18-4970-A5C8-473F78A84DD2}.Release|x86.Build.0 = Release|Any CPU
		{5D8E309F-33B2-47FA-899E-6484A94578EA}.Debug|Any CPU.ActiveCfg = Debug|Any CPU
		{5D8E309F-33B2-47FA-899E-6484A94578EA}.Debug|Any CPU.Build.0 = Debug|Any CPU
		{5D8E309F-33B2-47FA-899E-6484A94578EA}.Debug|x64.ActiveCfg = Debug|Any CPU
		{5D8E309F-33B2-47FA-899E-6484A94578EA}.Debug|x64.Build.0 = Debug|Any CPU
		{5D8E309F-33B2-47FA-899E-6484A94578EA}.Debug|x86.ActiveCfg = Debug|Any CPU
		{5D8E309F-33B2-47FA-899E-6484A94578EA}.Debug|x86.Build.0 = Debug|Any CPU
		{5D8E309F-33B2-47FA-899E-6484A94578EA}.Release|Any CPU.ActiveCfg = Release|Any CPU
		{5D8E309F-33B2-47FA-899E-6484A94578EA}.Release|Any CPU.Build.0 = Release|Any CPU
		{5D8E309F-33B2-47FA-899E-6484A94578EA}.Release|x64.ActiveCfg = Release|Any CPU
		{5D8E309F-33B2-47FA-899E-6484A94578EA}.Release|x64.Build.0 = Release|Any CPU
		{5D8E309F-33B2-47FA-899E-6484A94578EA}.Release|x86.ActiveCfg = Release|Any CPU
		{5D8E309F-33B2-47FA-899E-6484A94578EA}.Release|x86.Build.0 = Release|Any CPU
		{64D4E77E-2BDB-49A4-8F27-2AA35569D27B}.Debug|Any CPU.ActiveCfg = Debug|Any CPU
		{64D4E77E-2BDB-49A4-8F27-2AA35569D27B}.Debug|Any CPU.Build.0 = Debug|Any CPU
		{64D4E77E-2BDB-49A4-8F27-2AA35569D27B}.Debug|x64.ActiveCfg = Debug|Any CPU
		{64D4E77E-2BDB-49A4-8F27-2AA35569D27B}.Debug|x64.Build.0 = Debug|Any CPU
		{64D4E77E-2BDB-49A4-8F27-2AA35569D27B}.Debug|x86.ActiveCfg = Debug|Any CPU
		{64D4E77E-2BDB-49A4-8F27-2AA35569D27B}.Debug|x86.Build.0 = Debug|Any CPU
		{64D4E77E-2BDB-49A4-8F27-2AA35569D27B}.Release|Any CPU.ActiveCfg = Release|Any CPU
		{64D4E77E-2BDB-49A4-8F27-2AA35569D27B}.Release|Any CPU.Build.0 = Release|Any CPU
		{64D4E77E-2BDB-49A4-8F27-2AA35569D27B}.Release|x64.ActiveCfg = Release|Any CPU
		{64D4E77E-2BDB-49A4-8F27-2AA35569D27B}.Release|x64.Build.0 = Release|Any CPU
		{64D4E77E-2BDB-49A4-8F27-2AA35569D27B}.Release|x86.ActiveCfg = Release|Any CPU
		{64D4E77E-2BDB-49A4-8F27-2AA35569D27B}.Release|x86.Build.0 = Release|Any CPU
		{3D8AC9FD-3BD7-4A1B-9788-E53B189CDF26}.Debug|Any CPU.ActiveCfg = Debug|Any CPU
		{3D8AC9FD-3BD7-4A1B-9788-E53B189CDF26}.Debug|Any CPU.Build.0 = Debug|Any CPU
		{3D8AC9FD-3BD7-4A1B-9788-E53B189CDF26}.Debug|x64.ActiveCfg = Debug|Any CPU
		{3D8AC9FD-3BD7-4A1B-9788-E53B189CDF26}.Debug|x64.Build.0 = Debug|Any CPU
		{3D8AC9FD-3BD7-4A1B-9788-E53B189CDF26}.Debug|x86.ActiveCfg = Debug|Any CPU
		{3D8AC9FD-3BD7-4A1B-9788-E53B189CDF26}.Debug|x86.Build.0 = Debug|Any CPU
		{3D8AC9FD-3BD7-4A1B-9788-E53B189CDF26}.Release|Any CPU.ActiveCfg = Release|Any CPU
		{3D8AC9FD-3BD7-4A1B-9788-E53B189CDF26}.Release|Any CPU.Build.0 = Release|Any CPU
		{3D8AC9FD-3BD7-4A1B-9788-E53B189CDF26}.Release|x64.ActiveCfg = Release|Any CPU
		{3D8AC9FD-3BD7-4A1B-9788-E53B189CDF26}.Release|x64.Build.0 = Release|Any CPU
		{3D8AC9FD-3BD7-4A1B-9788-E53B189CDF26}.Release|x86.ActiveCfg = Release|Any CPU
		{3D8AC9FD-3BD7-4A1B-9788-E53B189CDF26}.Release|x86.Build.0 = Release|Any CPU
	EndGlobalSection
	GlobalSection(SolutionProperties) = preSolution
		HideSolutionNode = FALSE
	EndGlobalSection
	GlobalSection(NestedProjects) = preSolution
		{C9A690F0-2FD9-4489-B1D2-B9B9CF3BB404} = {5C8116D0-8102-41DF-BDC8-CBB0814FE181}
		{7B1ABC38-8D18-4970-A5C8-473F78A84DD2} = {5C8116D0-8102-41DF-BDC8-CBB0814FE181}
		{5D8E309F-33B2-47FA-899E-6484A94578EA} = {5C8116D0-8102-41DF-BDC8-CBB0814FE181}
		{64D4E77E-2BDB-49A4-8F27-2AA35569D27B} = {5C8116D0-8102-41DF-BDC8-CBB0814FE181}
		{3D8AC9FD-3BD7-4A1B-9788-E53B189CDF26} = {C927BFA6-D159-4BCB-BE7B-E586AE3D0618}
	EndGlobalSection
	GlobalSection(ExtensibilityGlobals) = postSolution
		SolutionGuid = {121B5839-F67E-4C73-AD61-13E9D48C16CF}
	EndGlobalSection
EndGlobal
